
Microsoft Visual Studio Solution File, Format Version 12.00
Project("{FAE04EC0-301F-11D3-BF4B-00C04F79EFBC}") = "Configuration.Properties", "src\Configuration.Properties\Configuration.Properties.csproj", "{6BBF2114-B42D-4530-9144-FA24C0D0E975}"
EndProject
Project("{FAE04EC0-301F-11D3-BF4B-00C04F79EFBC}") = "Configuration.Properties.Tests", "test\Configuration.Properties.Tests\Configuration.Properties.Tests.csproj", "{C679B363-5E1F-468C-853F-126B4421BB9D}"
EndProject
Global
	GlobalSection(SolutionConfigurationPlatforms) = preSolution
		Debug|Any CPU = Debug|Any CPU
		Release|Any CPU = Release|Any CPU
	EndGlobalSection
	GlobalSection(ProjectConfigurationPlatforms) = postSolution
		{6BBF2114-B42D-4530-9144-FA24C0D0E975}.Debug|Any CPU.ActiveCfg = Debug|Any CPU
		{6BBF2114-B42D-4530-9144-FA24C0D0E975}.Debug|Any CPU.Build.0 = Debug|Any CPU
		{6BBF2114-B42D-4530-9144-FA24C0D0E975}.Release|Any CPU.ActiveCfg = Release|Any CPU
		{6BBF2114-B42D-4530-9144-FA24C0D0E975}.Release|Any CPU.Build.0 = Release|Any CPU
		{C679B363-5E1F-468C-853F-126B4421BB9D}.Debug|Any CPU.ActiveCfg = Debug|Any CPU
		{C679B363-5E1F-468C-853F-126B4421BB9D}.Debug|Any CPU.Build.0 = Debug|Any CPU
		{C679B363-5E1F-468C-853F-126B4421BB9D}.Release|Any CPU.ActiveCfg = Release|Any CPU
		{C679B363-5E1F-468C-853F-126B4421BB9D}.Release|Any CPU.Build.0 = Release|Any CPU
	EndGlobalSection
EndGlobal
